// !$*UTF8*$!
{
	archiveVersion = 1;
	classes = {
	};
	objectVersion = 46;
	objects = {

/* Begin PBXBuildFile section */
		28AF02CE1E4D901100D8DE65 /* JJSwiftTool.framework in Frameworks */ = {isa = PBXBuildFile; fileRef = 28AF02C41E4D901100D8DE65 /* JJSwiftTool.framework */; };
		28AF02D31E4D901100D8DE65 /* JJSwiftToolTests.swift in Sources */ = {isa = PBXBuildFile; fileRef = 28AF02D21E4D901100D8DE65 /* JJSwiftToolTests.swift */; };
		28AF02D51E4D901100D8DE65 /* JJSwiftTool.h in Headers */ = {isa = PBXBuildFile; fileRef = 28AF02C71E4D901100D8DE65 /* JJSwiftTool.h */; settings = {ATTRIBUTES = (Public, ); }; };
		28AF02EC1E4D97E500D8DE65 /* Array+JJ.swift in Sources */ = {isa = PBXBuildFile; fileRef = 28AF02DF1E4D97E500D8DE65 /* Array+JJ.swift */; };
		28AF02ED1E4D97E500D8DE65 /* Data+JJ.swift in Sources */ = {isa = PBXBuildFile; fileRef = 28AF02E01E4D97E500D8DE65 /* Data+JJ.swift */; };
		28AF02EE1E4D97E500D8DE65 /* Date+JJ.swift in Sources */ = {isa = PBXBuildFile; fileRef = 28AF02E11E4D97E500D8DE65 /* Date+JJ.swift */; };
		28AF02EF1E4D97E500D8DE65 /* Dictionary+JJ.swift in Sources */ = {isa = PBXBuildFile; fileRef = 28AF02E21E4D97E500D8DE65 /* Dictionary+JJ.swift */; };
		28AF02F01E4D97E500D8DE65 /* FileManager+JJ.swift in Sources */ = {isa = PBXBuildFile; fileRef = 28AF02E31E4D97E500D8DE65 /* FileManager+JJ.swift */; };
		28AF02F11E4D97E500D8DE65 /* Int+JJ.swift in Sources */ = {isa = PBXBuildFile; fileRef = 28AF02E41E4D97E500D8DE65 /* Int+JJ.swift */; };
		28AF02F21E4D97E500D8DE65 /* String+JJ.swift in Sources */ = {isa = PBXBuildFile; fileRef = 28AF02E51E4D97E500D8DE65 /* String+JJ.swift */; };
		28AF02F31E4D97E500D8DE65 /* Timer+JJ.swift in Sources */ = {isa = PBXBuildFile; fileRef = 28AF02E61E4D97E500D8DE65 /* Timer+JJ.swift */; };
		28AF02F41E4D97E500D8DE65 /* UIColor+JJ.swift in Sources */ = {isa = PBXBuildFile; fileRef = 28AF02E71E4D97E500D8DE65 /* UIColor+JJ.swift */; };
		28AF02F51E4D97E500D8DE65 /* UIDevice+JJ.swift in Sources */ = {isa = PBXBuildFile; fileRef = 28AF02E81E4D97E500D8DE65 /* UIDevice+JJ.swift */; };
		28AF02F61E4D97E500D8DE65 /* UIImage+JJ.swift in Sources */ = {isa = PBXBuildFile; fileRef = 28AF02E91E4D97E500D8DE65 /* UIImage+JJ.swift */; };
		28AF02F71E4D97E500D8DE65 /* UILabel+JJ.swift in Sources */ = {isa = PBXBuildFile; fileRef = 28AF02EA1E4D97E500D8DE65 /* UILabel+JJ.swift */; };
		28AF02F81E4D97E500D8DE65 /* UIView+JJ.swift in Sources */ = {isa = PBXBuildFile; fileRef = 28AF02EB1E4D97E500D8DE65 /* UIView+JJ.swift */; };
/* End PBXBuildFile section */

/* Begin PBXContainerItemProxy section */
		28AF02CF1E4D901100D8DE65 /* PBXContainerItemProxy */ = {
			isa = PBXContainerItemProxy;
			containerPortal = 28AF02BB1E4D901100D8DE65 /* Project object */;
			proxyType = 1;
			remoteGlobalIDString = 28AF02C31E4D901100D8DE65;
			remoteInfo = JJSwiftTool;
		};
/* End PBXContainerItemProxy section */

/* Begin PBXFileReference section */
		28AF02C41E4D901100D8DE65 /* JJSwiftTool.framework */ = {isa = PBXFileReference; explicitFileType = wrapper.framework; includeInIndex = 0; path = JJSwiftTool.framework; sourceTree = BUILT_PRODUCTS_DIR; };
		28AF02C71E4D901100D8DE65 /* JJSwiftTool.h */ = {isa = PBXFileReference; lastKnownFileType = sourcecode.c.h; path = JJSwiftTool.h; sourceTree = "<group>"; };
		28AF02C81E4D901100D8DE65 /* Info.plist */ = {isa = PBXFileReference; lastKnownFileType = text.plist.xml; path = Info.plist; sourceTree = "<group>"; };
		28AF02CD1E4D901100D8DE65 /* JJSwiftToolTests.xctest */ = {isa = PBXFileReference; explicitFileType = wrapper.cfbundle; includeInIndex = 0; path = JJSwiftToolTests.xctest; sourceTree = BUILT_PRODUCTS_DIR; };
		28AF02D21E4D901100D8DE65 /* JJSwiftToolTests.swift */ = {isa = PBXFileReference; lastKnownFileType = sourcecode.swift; path = JJSwiftToolTests.swift; sourceTree = "<group>"; };
		28AF02D41E4D901100D8DE65 /* Info.plist */ = {isa = PBXFileReference; lastKnownFileType = text.plist.xml; path = Info.plist; sourceTree = "<group>"; };
		28AF02DF1E4D97E500D8DE65 /* Array+JJ.swift */ = {isa = PBXFileReference; fileEncoding = 4; lastKnownFileType = sourcecode.swift; path = "Array+JJ.swift"; sourceTree = "<group>"; };
		28AF02E01E4D97E500D8DE65 /* Data+JJ.swift */ = {isa = PBXFileReference; fileEncoding = 4; lastKnownFileType = sourcecode.swift; path = "Data+JJ.swift"; sourceTree = "<group>"; };
		28AF02E11E4D97E500D8DE65 /* Date+JJ.swift */ = {isa = PBXFileReference; fileEncoding = 4; lastKnownFileType = sourcecode.swift; path = "Date+JJ.swift"; sourceTree = "<group>"; };
		28AF02E21E4D97E500D8DE65 /* Dictionary+JJ.swift */ = {isa = PBXFileReference; fileEncoding = 4; lastKnownFileType = sourcecode.swift; path = "Dictionary+JJ.swift"; sourceTree = "<group>"; };
		28AF02E31E4D97E500D8DE65 /* FileManager+JJ.swift */ = {isa = PBXFileReference; fileEncoding = 4; lastKnownFileType = sourcecode.swift; path = "FileManager+JJ.swift"; sourceTree = "<group>"; };
		28AF02E41E4D97E500D8DE65 /* Int+JJ.swift */ = {isa = PBXFileReference; fileEncoding = 4; lastKnownFileType = sourcecode.swift; path = "Int+JJ.swift"; sourceTree = "<group>"; };
		28AF02E51E4D97E500D8DE65 /* String+JJ.swift */ = {isa = PBXFileReference; fileEncoding = 4; lastKnownFileType = sourcecode.swift; path = "String+JJ.swift"; sourceTree = "<group>"; };
		28AF02E61E4D97E500D8DE65 /* Timer+JJ.swift */ = {isa = PBXFileReference; fileEncoding = 4; lastKnownFileType = sourcecode.swift; path = "Timer+JJ.swift"; sourceTree = "<group>"; };
		28AF02E71E4D97E500D8DE65 /* UIColor+JJ.swift */ = {isa = PBXFileReference; fileEncoding = 4; lastKnownFileType = sourcecode.swift; path = "UIColor+JJ.swift"; sourceTree = "<group>"; };
		28AF02E81E4D97E500D8DE65 /* UIDevice+JJ.swift */ = {isa = PBXFileReference; fileEncoding = 4; lastKnownFileType = sourcecode.swift; path = "UIDevice+JJ.swift"; sourceTree = "<group>"; };
		28AF02E91E4D97E500D8DE65 /* UIImage+JJ.swift */ = {isa = PBXFileReference; fileEncoding = 4; lastKnownFileType = sourcecode.swift; path = "UIImage+JJ.swift"; sourceTree = "<group>"; };
		28AF02EA1E4D97E500D8DE65 /* UILabel+JJ.swift */ = {isa = PBXFileReference; fileEncoding = 4; lastKnownFileType = sourcecode.swift; path = "UILabel+JJ.swift"; sourceTree = "<group>"; };
		28AF02EB1E4D97E500D8DE65 /* UIView+JJ.swift */ = {isa = PBXFileReference; fileEncoding = 4; lastKnownFileType = sourcecode.swift; path = "UIView+JJ.swift"; sourceTree = "<group>"; };
/* End PBXFileReference section */

/* Begin PBXFrameworksBuildPhase section */
		28AF02C01E4D901100D8DE65 /* Frameworks */ = {
			isa = PBXFrameworksBuildPhase;
			buildActionMask = 2147483647;
			files = (
			);
			runOnlyForDeploymentPostprocessing = 0;
		};
		28AF02CA1E4D901100D8DE65 /* Frameworks */ = {
			isa = PBXFrameworksBuildPhase;
			buildActionMask = 2147483647;
			files = (
				28AF02CE1E4D901100D8DE65 /* JJSwiftTool.framework in Frameworks */,
			);
			runOnlyForDeploymentPostprocessing = 0;
		};
/* End PBXFrameworksBuildPhase section */

/* Begin PBXGroup section */
		28AF02BA1E4D901100D8DE65 = {
			isa = PBXGroup;
			children = (
				28AF02C61E4D901100D8DE65 /* JJSwiftTool */,
				28AF02D11E4D901100D8DE65 /* JJSwiftToolTests */,
				28AF02C51E4D901100D8DE65 /* Products */,
			);
			sourceTree = "<group>";
		};
		28AF02C51E4D901100D8DE65 /* Products */ = {
			isa = PBXGroup;
			children = (
				28AF02C41E4D901100D8DE65 /* JJSwiftTool.framework */,
				28AF02CD1E4D901100D8DE65 /* JJSwiftToolTests.xctest */,
			);
			name = Products;
			sourceTree = "<group>";
		};
		28AF02C61E4D901100D8DE65 /* JJSwiftTool */ = {
			isa = PBXGroup;
			children = (
				28AF02DE1E4D97E500D8DE65 /* Extension */,
				28AF02C71E4D901100D8DE65 /* JJSwiftTool.h */,
				28AF02C81E4D901100D8DE65 /* Info.plist */,
			);
			path = JJSwiftTool;
			sourceTree = "<group>";
		};
		28AF02D11E4D901100D8DE65 /* JJSwiftToolTests */ = {
			isa = PBXGroup;
			children = (
				28AF02D21E4D901100D8DE65 /* JJSwiftToolTests.swift */,
				28AF02D41E4D901100D8DE65 /* Info.plist */,
			);
			path = JJSwiftToolTests;
			sourceTree = "<group>";
		};
		28AF02DE1E4D97E500D8DE65 /* Extension */ = {
			isa = PBXGroup;
			children = (
				28AF02DF1E4D97E500D8DE65 /* Array+JJ.swift */,
				28AF02E01E4D97E500D8DE65 /* Data+JJ.swift */,
				28AF02E11E4D97E500D8DE65 /* Date+JJ.swift */,
				28AF02E21E4D97E500D8DE65 /* Dictionary+JJ.swift */,
				28AF02E31E4D97E500D8DE65 /* FileManager+JJ.swift */,
				28AF02E41E4D97E500D8DE65 /* Int+JJ.swift */,
				28AF02E51E4D97E500D8DE65 /* String+JJ.swift */,
				28AF02E61E4D97E500D8DE65 /* Timer+JJ.swift */,
				28AF02E71E4D97E500D8DE65 /* UIColor+JJ.swift */,
				28AF02E81E4D97E500D8DE65 /* UIDevice+JJ.swift */,
				28AF02E91E4D97E500D8DE65 /* UIImage+JJ.swift */,
				28AF02EA1E4D97E500D8DE65 /* UILabel+JJ.swift */,
				28AF02EB1E4D97E500D8DE65 /* UIView+JJ.swift */,
			);
			path = Extension;
			sourceTree = "<group>";
		};
/* End PBXGroup section */

/* Begin PBXHeadersBuildPhase section */
		28AF02C11E4D901100D8DE65 /* Headers */ = {
			isa = PBXHeadersBuildPhase;
			buildActionMask = 2147483647;
			files = (
				28AF02D51E4D901100D8DE65 /* JJSwiftTool.h in Headers */,
			);
			runOnlyForDeploymentPostprocessing = 0;
		};
/* End PBXHeadersBuildPhase section */

/* Begin PBXNativeTarget section */
		28AF02C31E4D901100D8DE65 /* JJSwiftTool */ = {
			isa = PBXNativeTarget;
			buildConfigurationList = 28AF02D81E4D901100D8DE65 /* Build configuration list for PBXNativeTarget "JJSwiftTool" */;
			buildPhases = (
				28AF02BF1E4D901100D8DE65 /* Sources */,
				28AF02C01E4D901100D8DE65 /* Frameworks */,
				28AF02C11E4D901100D8DE65 /* Headers */,
				28AF02C21E4D901100D8DE65 /* Resources */,
			);
			buildRules = (
			);
			dependencies = (
			);
			name = JJSwiftTool;
			productName = JJSwiftTool;
			productReference = 28AF02C41E4D901100D8DE65 /* JJSwiftTool.framework */;
			productType = "com.apple.product-type.framework";
		};
		28AF02CC1E4D901100D8DE65 /* JJSwiftToolTests */ = {
			isa = PBXNativeTarget;
			buildConfigurationList = 28AF02DB1E4D901100D8DE65 /* Build configuration list for PBXNativeTarget "JJSwiftToolTests" */;
			buildPhases = (
				28AF02C91E4D901100D8DE65 /* Sources */,
				28AF02CA1E4D901100D8DE65 /* Frameworks */,
				28AF02CB1E4D901100D8DE65 /* Resources */,
			);
			buildRules = (
			);
			dependencies = (
				28AF02D01E4D901100D8DE65 /* PBXTargetDependency */,
			);
			name = JJSwiftToolTests;
			productName = JJSwiftToolTests;
			productReference = 28AF02CD1E4D901100D8DE65 /* JJSwiftToolTests.xctest */;
			productType = "com.apple.product-type.bundle.unit-test";
		};
/* End PBXNativeTarget section */

/* Begin PBXProject section */
		28AF02BB1E4D901100D8DE65 /* Project object */ = {
			isa = PBXProject;
			attributes = {
				LastSwiftUpdateCheck = 0820;
				LastUpgradeCheck = 0820;
				ORGANIZATIONNAME = jianjing;
				TargetAttributes = {
					28AF02C31E4D901100D8DE65 = {
						CreatedOnToolsVersion = 8.2.1;
						ProvisioningStyle = Automatic;
					};
					28AF02CC1E4D901100D8DE65 = {
						CreatedOnToolsVersion = 8.2.1;
						ProvisioningStyle = Automatic;
					};
				};
			};
			buildConfigurationList = 28AF02BE1E4D901100D8DE65 /* Build configuration list for PBXProject "JJSwiftTool" */;
			compatibilityVersion = "Xcode 3.2";
			developmentRegion = English;
			hasScannedForEncodings = 0;
			knownRegions = (
				en,
			);
			mainGroup = 28AF02BA1E4D901100D8DE65;
			productRefGroup = 28AF02C51E4D901100D8DE65 /* Products */;
			projectDirPath = "";
			projectRoot = "";
			targets = (
				28AF02C31E4D901100D8DE65 /* JJSwiftTool */,
				28AF02CC1E4D901100D8DE65 /* JJSwiftToolTests */,
			);
		};
/* End PBXProject section */

/* Begin PBXResourcesBuildPhase section */
		28AF02C21E4D901100D8DE65 /* Resources */ = {
			isa = PBXResourcesBuildPhase;
			buildActionMask = 2147483647;
			files = (
			);
			runOnlyForDeploymentPostprocessing = 0;
		};
		28AF02CB1E4D901100D8DE65 /* Resources */ = {
			isa = PBXResourcesBuildPhase;
			buildActionMask = 2147483647;
			files = (
			);
			runOnlyForDeploymentPostprocessing = 0;
		};
/* End PBXResourcesBuildPhase section */

/* Begin PBXSourcesBuildPhase section */
		28AF02BF1E4D901100D8DE65 /* Sources */ = {
			isa = PBXSourcesBuildPhase;
			buildActionMask = 2147483647;
			files = (
				28AF02F21E4D97E500D8DE65 /* String+JJ.swift in Sources */,
				28AF02F51E4D97E500D8DE65 /* UIDevice+JJ.swift in Sources */,
				28AF02F81E4D97E500D8DE65 /* UIView+JJ.swift in Sources */,
				28AF02EC1E4D97E500D8DE65 /* Array+JJ.swift in Sources */,
				28AF02EE1E4D97E500D8DE65 /* Date+JJ.swift in Sources */,
				28AF02ED1E4D97E500D8DE65 /* Data+JJ.swift in Sources */,
				28AF02EF1E4D97E500D8DE65 /* Dictionary+JJ.swift in Sources */,
				28AF02F61E4D97E500D8DE65 /* UIImage+JJ.swift in Sources */,
				28AF02F31E4D97E500D8DE65 /* Timer+JJ.swift in Sources */,
				28AF02F71E4D97E500D8DE65 /* UILabel+JJ.swift in Sources */,
				28AF02F01E4D97E500D8DE65 /* FileManager+JJ.swift in Sources */,
				28AF02F41E4D97E500D8DE65 /* UIColor+JJ.swift in Sources */,
				28AF02F11E4D97E500D8DE65 /* Int+JJ.swift in Sources */,
			);
			runOnlyForDeploymentPostprocessing = 0;
		};
		28AF02C91E4D901100D8DE65 /* Sources */ = {
			isa = PBXSourcesBuildPhase;
			buildActionMask = 2147483647;
			files = (
				28AF02D31E4D901100D8DE65 /* JJSwiftToolTests.swift in Sources */,
			);
			runOnlyForDeploymentPostprocessing = 0;
		};
/* End PBXSourcesBuildPhase section */

/* Begin PBXTargetDependency section */
		28AF02D01E4D901100D8DE65 /* PBXTargetDependency */ = {
			isa = PBXTargetDependency;
			target = 28AF02C31E4D901100D8DE65 /* JJSwiftTool */;
			targetProxy = 28AF02CF1E4D901100D8DE65 /* PBXContainerItemProxy */;
		};
/* End PBXTargetDependency section */

/* Begin XCBuildConfiguration section */
		28AF02D61E4D901100D8DE65 /* Debug */ = {
			isa = XCBuildConfiguration;
			buildSettings = {
				ALWAYS_SEARCH_USER_PATHS = NO;
				CLANG_ANALYZER_NONNULL = YES;
				CLANG_CXX_LANGUAGE_STANDARD = "gnu++0x";
				CLANG_CXX_LIBRARY = "libc++";
				CLANG_ENABLE_MODULES = YES;
				CLANG_ENABLE_OBJC_ARC = YES;
				CLANG_WARN_BOOL_CONVERSION = YES;
				CLANG_WARN_CONSTANT_CONVERSION = YES;
				CLANG_WARN_DIRECT_OBJC_ISA_USAGE = YES_ERROR;
				CLANG_WARN_DOCUMENTATION_COMMENTS = YES;
				CLANG_WARN_EMPTY_BODY = YES;
				CLANG_WARN_ENUM_CONVERSION = YES;
				CLANG_WARN_INFINITE_RECURSION = YES;
				CLANG_WARN_INT_CONVERSION = YES;
				CLANG_WARN_OBJC_ROOT_CLASS = YES_ERROR;
				CLANG_WARN_SUSPICIOUS_MOVE = YES;
				CLANG_WARN_UNREACHABLE_CODE = YES;
				CLANG_WARN__DUPLICATE_METHOD_MATCH = YES;
				"CODE_SIGN_IDENTITY[sdk=iphoneos*]" = "iPhone Developer";
				COPY_PHASE_STRIP = NO;
				CURRENT_PROJECT_VERSION = 1;
				DEBUG_INFORMATION_FORMAT = dwarf;
				ENABLE_STRICT_OBJC_MSGSEND = YES;
				ENABLE_TESTABILITY = YES;
				GCC_C_LANGUAGE_STANDARD = gnu99;
				GCC_DYNAMIC_NO_PIC = NO;
				GCC_NO_COMMON_BLOCKS = YES;
				GCC_OPTIMIZATION_LEVEL = 0;
				GCC_PREPROCESSOR_DEFINITIONS = (
					"DEBUG=1",
					"$(inherited)",
				);
				GCC_WARN_64_TO_32_BIT_CONVERSION = YES;
				GCC_WARN_ABOUT_RETURN_TYPE = YES_ERROR;
				GCC_WARN_UNDECLARED_SELECTOR = YES;
				GCC_WARN_UNINITIALIZED_AUTOS = YES_AGGRESSIVE;
				GCC_WARN_UNUSED_FUNCTION = YES;
				GCC_WARN_UNUSED_VARIABLE = YES;
				IPHONEOS_DEPLOYMENT_TARGET = 10.2;
				MTL_ENABLE_DEBUG_INFO = YES;
				ONLY_ACTIVE_ARCH = YES;
				SDKROOT = iphoneos;
				SWIFT_ACTIVE_COMPILATION_CONDITIONS = DEBUG;
				SWIFT_OPTIMIZATION_LEVEL = "-Onone";
				TARGETED_DEVICE_FAMILY = "1,2";
				VERSIONING_SYSTEM = "apple-generic";
				VERSION_INFO_PREFIX = "";
			};
			name = Debug;
		};
		28AF02D71E4D901100D8DE65 /* Release */ = {
			isa = XCBuildConfiguration;
			buildSettings = {
				ALWAYS_SEARCH_USER_PATHS = NO;
				CLANG_ANALYZER_NONNULL = YES;
				CLANG_CXX_LANGUAGE_STANDARD = "gnu++0x";
				CLANG_CXX_LIBRARY = "libc++";
				CLANG_ENABLE_MODULES = YES;
				CLANG_ENABLE_OBJC_ARC = YES;
				CLANG_WARN_BOOL_CONVERSION = YES;
				CLANG_WARN_CONSTANT_CONVERSION = YES;
				CLANG_WARN_DIRECT_OBJC_ISA_USAGE = YES_ERROR;
				CLANG_WARN_DOCUMENTATION_COMMENTS = YES;
				CLANG_WARN_EMPTY_BODY = YES;
				CLANG_WARN_ENUM_CONVERSION = YES;
				CLANG_WARN_INFINITE_RECURSION = YES;
				CLANG_WARN_INT_CONVERSION = YES;
				CLANG_WARN_OBJC_ROOT_CLASS = YES_ERROR;
				CLANG_WARN_SUSPICIOUS_MOVE = YES;
				CLANG_WARN_UNREACHABLE_CODE = YES;
				CLANG_WARN__DUPLICATE_METHOD_MATCH = YES;
				"CODE_SIGN_IDENTITY[sdk=iphoneos*]" = "iPhone Developer";
				COPY_PHASE_STRIP = NO;
				CURRENT_PROJECT_VERSION = 1;
				DEBUG_INFORMATION_FORMAT = "dwarf-with-dsym";
				ENABLE_NS_ASSERTIONS = NO;
				ENABLE_STRICT_OBJC_MSGSEND = YES;
				GCC_C_LANGUAGE_STANDARD = gnu99;
				GCC_NO_COMMON_BLOCKS = YES;
				GCC_WARN_64_TO_32_BIT_CONVERSION = YES;
				GCC_WARN_ABOUT_RETURN_TYPE = YES_ERROR;
				GCC_WARN_UNDECLARED_SELECTOR = YES;
				GCC_WARN_UNINITIALIZED_AUTOS = YES_AGGRESSIVE;
				GCC_WARN_UNUSED_FUNCTION = YES;
				GCC_WARN_UNUSED_VARIABLE = YES;
				IPHONEOS_DEPLOYMENT_TARGET = 10.2;
				MTL_ENABLE_DEBUG_INFO = NO;
				SDKROOT = iphoneos;
				SWIFT_OPTIMIZATION_LEVEL = "-Owholemodule";
				TARGETED_DEVICE_FAMILY = "1,2";
				VALIDATE_PRODUCT = YES;
				VERSIONING_SYSTEM = "apple-generic";
				VERSION_INFO_PREFIX = "";
			};
			name = Release;
		};
		28AF02D91E4D901100D8DE65 /* Debug */ = {
			isa = XCBuildConfiguration;
			buildSettings = {
				CODE_SIGN_IDENTITY = "";
				DEFINES_MODULE = YES;
				DYLIB_COMPATIBILITY_VERSION = 1;
				DYLIB_CURRENT_VERSION = 1;
				DYLIB_INSTALL_NAME_BASE = "@rpath";
				INFOPLIST_FILE = JJSwiftTool/Info.plist;
				INSTALL_PATH = "$(LOCAL_LIBRARY_DIR)/Frameworks";
				LD_RUNPATH_SEARCH_PATHS = "$(inherited) @executable_path/Frameworks @loader_path/Frameworks";
				PRODUCT_BUNDLE_IDENTIFIER = com.jianjing.JJSwiftTool;
				PRODUCT_NAME = "$(TARGET_NAME)";
				SKIP_INSTALL = YES;
				SWIFT_VERSION = 3.0;
			};
			name = Debug;
		};
		28AF02DA1E4D901100D8DE65 /* Release */ = {
			isa = XCBuildConfiguration;
			buildSettings = {
				CODE_SIGN_IDENTITY = "";
				DEFINES_MODULE = YES;
				DYLIB_COMPATIBILITY_VERSION = 1;
				DYLIB_CURRENT_VERSION = 1;
				DYLIB_INSTALL_NAME_BASE = "@rpath";
				INFOPLIST_FILE = JJSwiftTool/Info.plist;
				INSTALL_PATH = "$(LOCAL_LIBRARY_DIR)/Frameworks";
				LD_RUNPATH_SEARCH_PATHS = "$(inherited) @executable_path/Frameworks @loader_path/Frameworks";
				PRODUCT_BUNDLE_IDENTIFIER = com.jianjing.JJSwiftTool;
				PRODUCT_NAME = "$(TARGET_NAME)";
				SKIP_INSTALL = YES;
				SWIFT_VERSION = 3.0;
			};
			name = Release;
		};
		28AF02DC1E4D901100D8DE65 /* Debug */ = {
			isa = XCBuildConfiguration;
			buildSettings = {
				ALWAYS_EMBED_SWIFT_STANDARD_LIBRARIES = YES;
				INFOPLIST_FILE = JJSwiftToolTests/Info.plist;
				LD_RUNPATH_SEARCH_PATHS = "$(inherited) @executable_path/Frameworks @loader_path/Frameworks";
				PRODUCT_BUNDLE_IDENTIFIER = com.jianjing.JJSwiftToolTests;
				PRODUCT_NAME = "$(TARGET_NAME)";
				SWIFT_VERSION = 3.0;
			};
			name = Debug;
		};
		28AF02DD1E4D901100D8DE65 /* Release */ = {
			isa = XCBuildConfiguration;
			buildSettings = {
				ALWAYS_EMBED_SWIFT_STANDARD_LIBRARIES = YES;
				INFOPLIST_FILE = JJSwiftToolTests/Info.plist;
				LD_RUNPATH_SEARCH_PATHS = "$(inherited) @executable_path/Frameworks @loader_path/Frameworks";
				PRODUCT_BUNDLE_IDENTIFIER = com.jianjing.JJSwiftToolTests;
				PRODUCT_NAME = "$(TARGET_NAME)";
				SWIFT_VERSION = 3.0;
			};
			name = Release;
		};
/* End XCBuildConfiguration section */

/* Begin XCConfigurationList section */
		28AF02BE1E4D901100D8DE65 /* Build configuration list for PBXProject "JJSwiftTool" */ = {
			isa = XCConfigurationList;
			buildConfigurations = (
				28AF02D61E4D901100D8DE65 /* Debug */,
				28AF02D71E4D901100D8DE65 /* Release */,
			);
			defaultConfigurationIsVisible = 0;
			defaultConfigurationName = Release;
		};
		28AF02D81E4D901100D8DE65 /* Build configuration list for PBXNativeTarget "JJSwiftTool" */ = {
			isa = XCConfigurationList;
			buildConfigurations = (
				28AF02D91E4D901100D8DE65 /* Debug */,
				28AF02DA1E4D901100D8DE65 /* Release */,
			);
			defaultConfigurationIsVisible = 0;
			defaultConfigurationName = Release;
		};
		28AF02DB1E4D901100D8DE65 /* Build configuration list for PBXNativeTarget "JJSwiftToolTests" */ = {
			isa = XCConfigurationList;
			buildConfigurations = (
				28AF02DC1E4D901100D8DE65 /* Debug */,
				28AF02DD1E4D901100D8DE65 /* Release */,
			);
			defaultConfigurationIsVisible = 0;
			defaultConfigurationName = Release;
		};
/* End XCConfigurationList section */
	};
	rootObject = 28AF02BB1E4D901100D8DE65 /* Project object */;
}
